{
  "name": "auto-compute-first-screen-time",
  "version": "1.0.21",
  "lockfileVersion": 1,
  "requires": true,
  "dependencies": {
    "mutationobserver-shim": {
      "version": "0.3.2",
      "resolved": "http://npm.idcvdian.com/mutationobserver-shim/download/mutationobserver-shim-0.3.2.tgz",
      "integrity": "sha1-9NXa56SXGiIHkU+1qQ69UUtlrMo="
    }
  }
}
